// !$*UTF8*$!
{
	archiveVersion = 1;
	classes = {
	};
	objectVersion = 46;
	objects = {

/* Begin PBXBuildFile section */
		C208A7BA190E0FBB006158C0 /* controlPageViewController.m in Sources */ = {isa = PBXBuildFile; fileRef = C208A7B9190E0FBB006158C0 /* controlPageViewController.m */; };
		C208A7C0190E0FE7006158C0 /* aboutPageViewController.m in Sources */ = {isa = PBXBuildFile; fileRef = C208A7BF190E0FE7006158C0 /* aboutPageViewController.m */; };
		C208A7C8190E18D8006158C0 /* auto.png in Resources */ = {isa = PBXBuildFile; fileRef = C208A7C1190E18D8006158C0 /* auto.png */; };
		C208A7C9190E18D8006158C0 /* cradle.png in Resources */ = {isa = PBXBuildFile; fileRef = C208A7C2190E18D8006158C0 /* cradle.png */; };
		C208A7CA190E18D8006158C0 /* cry.png in Resources */ = {isa = PBXBuildFile; fileRef = C208A7C3190E18D8006158C0 /* cry.png */; };
		C208A7CB190E18D8006158C0 /* music.png in Resources */ = {isa = PBXBuildFile; fileRef = C208A7C4190E18D8006158C0 /* music.png */; };
		C208A7CC190E18D8006158C0 /* sleep in Resources */ = {isa = PBXBuildFile; fileRef = C208A7C5190E18D8006158C0 /* sleep */; };
		C208A7CD190E18D8006158C0 /* smile.png in Resources */ = {isa = PBXBuildFile; fileRef = C208A7C6190E18D8006158C0 /* smile.png */; };
		C208A7CE190E18D8006158C0 /* urine.png in Resources */ = {isa = PBXBuildFile; fileRef = C208A7C7190E18D8006158C0 /* urine.png */; };
		C208A7D0190E1ACF006158C0 /* border.png in Resources */ = {isa = PBXBuildFile; fileRef = C208A7CF190E1ACF006158C0 /* border.png */; };
		C208A7D2190E1BC4006158C0 /* besik.jpg in Resources */ = {isa = PBXBuildFile; fileRef = C208A7D1190E1BC4006158C0 /* besik.jpg */; };
		C208A7D5190E1D91006158C0 /* cloud.png in Resources */ = {isa = PBXBuildFile; fileRef = C208A7D3190E1D91006158C0 /* cloud.png */; };
		C208A7D6190E1D91006158C0 /* wire.png in Resources */ = {isa = PBXBuildFile; fileRef = C208A7D4190E1D91006158C0 /* wire.png */; };
		C208A7DA190E1E7C006158C0 /* web.png in Resources */ = {isa = PBXBuildFile; fileRef = C208A7D7190E1E7C006158C0 /* web.png */; };
		C208A7DB190E1E7C006158C0 /* face.png in Resources */ = {isa = PBXBuildFile; fileRef = C208A7D8190E1E7C006158C0 /* face.png */; };
		C208A7DC190E1E7C006158C0 /* twit.png in Resources */ = {isa = PBXBuildFile; fileRef = C208A7D9190E1E7C006158C0 /* twit.png */; };
		C25636A91918E22800FB8C9B /* empty.png in Resources */ = {isa = PBXBuildFile; fileRef = C25636A81918E22800FB8C9B /* empty.png */; };
		C25EF6D81907A25700A589C6 /* Foundation.framework in Frameworks */ = {isa = PBXBuildFile; fileRef = C25EF6D71907A25700A589C6 /* Foundation.framework */; };
		C25EF6DA1907A25700A589C6 /* CoreGraphics.framework in Frameworks */ = {isa = PBXBuildFile; fileRef = C25EF6D91907A25700A589C6 /* CoreGraphics.framework */; };
		C25EF6DC1907A25700A589C6 /* UIKit.framework in Frameworks */ = {isa = PBXBuildFile; fileRef = C25EF6DB1907A25700A589C6 /* UIKit.framework */; };
		C25EF6E21907A25700A589C6 /* InfoPlist.strings in Resources */ = {isa = PBXBuildFile; fileRef = C25EF6E01907A25700A589C6 /* InfoPlist.strings */; };
		C25EF6E41907A25700A589C6 /* main.m in Sources */ = {isa = PBXBuildFile; fileRef = C25EF6E31907A25700A589C6 /* main.m */; };
		C25EF6E81907A25700A589C6 /* AppDelegate.m in Sources */ = {isa = PBXBuildFile; fileRef = C25EF6E71907A25700A589C6 /* AppDelegate.m */; };
		C25EF6EB1907A25700A589C6 /* Main.storyboard in Resources */ = {isa = PBXBuildFile; fileRef = C25EF6E91907A25700A589C6 /* Main.storyboard */; };
		C25EF6F31907A25700A589C6 /* Images.xcassets in Resources */ = {isa = PBXBuildFile; fileRef = C25EF6F21907A25700A589C6 /* Images.xcassets */; };
		C25EF6FA1907A25700A589C6 /* XCTest.framework in Frameworks */ = {isa = PBXBuildFile; fileRef = C25EF6F91907A25700A589C6 /* XCTest.framework */; };
		C25EF6FB1907A25700A589C6 /* Foundation.framework in Frameworks */ = {isa = PBXBuildFile; fileRef = C25EF6D71907A25700A589C6 /* Foundation.framework */; };
		C25EF6FC1907A25700A589C6 /* UIKit.framework in Frameworks */ = {isa = PBXBuildFile; fileRef = C25EF6DB1907A25700A589C6 /* UIKit.framework */; };
		C25EF7041907A25700A589C6 /* InfoPlist.strings in Resources */ = {isa = PBXBuildFile; fileRef = C25EF7021907A25700A589C6 /* InfoPlist.strings */; };
		C25EF7061907A25700A589C6 /* besikTests.m in Sources */ = {isa = PBXBuildFile; fileRef = C25EF7051907A25700A589C6 /* besikTests.m */; };
		C2AA050C190E275100181872 /* stat in Resources */ = {isa = PBXBuildFile; fileRef = C2AA0509190E275100181872 /* stat */; };
		C2AA050D190E275100181872 /* controltab.png in Resources */ = {isa = PBXBuildFile; fileRef = C2AA050A190E275100181872 /* controltab.png */; };
		C2AA050E190E275100181872 /* about in Resources */ = {isa = PBXBuildFile; fileRef = C2AA050B190E275100181872 /* about */; };
/* End PBXBuildFile section */

/* Begin PBXContainerItemProxy section */
		C25EF6FD1907A25700A589C6 /* PBXContainerItemProxy */ = {
			isa = PBXContainerItemProxy;
			containerPortal = C25EF6CC1907A25700A589C6 /* Project object */;
			proxyType = 1;
			remoteGlobalIDString = C25EF6D31907A25700A589C6;
			remoteInfo = besik;
		};
/* End PBXContainerItemProxy section */

/* Begin PBXFileReference section */
		C208A7B8190E0FBB006158C0 /* controlPageViewController.h */ = {isa = PBXFileReference; fileEncoding = 4; lastKnownFileType = sourcecode.c.h; name = controlPageViewController.h; path = ../controlPageViewController.h; sourceTree = "<group>"; };
		C208A7B9190E0FBB006158C0 /* controlPageViewController.m */ = {isa = PBXFileReference; fileEncoding = 4; lastKnownFileType = sourcecode.c.objc; name = controlPageViewController.m; path = ../controlPageViewController.m; sourceTree = "<group>"; };
		C208A7BE190E0FE7006158C0 /* aboutPageViewController.h */ = {isa = PBXFileReference; fileEncoding = 4; lastKnownFileType = sourcecode.c.h; name = aboutPageViewController.h; path = ../aboutPageViewController.h; sourceTree = "<group>"; };
		C208A7BF190E0FE7006158C0 /* aboutPageViewController.m */ = {isa = PBXFileReference; fileEncoding = 4; lastKnownFileType = sourcecode.c.objc; name = aboutPageViewController.m; path = ../aboutPageViewController.m; sourceTree = "<group>"; };
		C208A7C1190E18D8006158C0 /* auto.png */ = {isa = PBXFileReference; lastKnownFileType = image.png; path = auto.png; sourceTree = "<group>"; };
		C208A7C2190E18D8006158C0 /* cradle.png */ = {isa = PBXFileReference; lastKnownFileType = image.png; path = cradle.png; sourceTree = "<group>"; };
		C208A7C3190E18D8006158C0 /* cry.png */ = {isa = PBXFileReference; lastKnownFileType = image.png; path = cry.png; sourceTree = "<group>"; };
		C208A7C4190E18D8006158C0 /* music.png */ = {isa = PBXFileReference; lastKnownFileType = image.png; path = music.png; sourceTree = "<group>"; };
		C208A7C5190E18D8006158C0 /* sleep */ = {isa = PBXFileReference; lastKnownFileType = file; path = sleep; sourceTree = "<group>"; };
		C208A7C6190E18D8006158C0 /* smile.png */ = {isa = PBXFileReference; lastKnownFileType = image.png; path = smile.png; sourceTree = "<group>"; };
		C208A7C7190E18D8006158C0 /* urine.png */ = {isa = PBXFileReference; lastKnownFileType = image.png; path = urine.png; sourceTree = "<group>"; };
		C208A7CF190E1ACF006158C0 /* border.png */ = {isa = PBXFileReference; lastKnownFileType = image.png; path = border.png; sourceTree = "<group>"; };
		C208A7D1190E1BC4006158C0 /* besik.jpg */ = {isa = PBXFileReference; lastKnownFileType = image.jpeg; path = besik.jpg; sourceTree = "<group>"; };
		C208A7D3190E1D91006158C0 /* cloud.png */ = {isa = PBXFileReference; lastKnownFileType = image.png; path = cloud.png; sourceTree = "<group>"; };
		C208A7D4190E1D91006158C0 /* wire.png */ = {isa = PBXFileReference; lastKnownFileType = image.png; path = wire.png; sourceTree = "<group>"; };
		C208A7D7190E1E7C006158C0 /* web.png */ = {isa = PBXFileReference; lastKnownFileType = image.png; path = web.png; sourceTree = "<group>"; };
		C208A7D8190E1E7C006158C0 /* face.png */ = {isa = PBXFileReference; lastKnownFileType = image.png; path = face.png; sourceTree = "<group>"; };
		C208A7D9190E1E7C006158C0 /* twit.png */ = {isa = PBXFileReference; lastKnownFileType = image.png; path = twit.png; sourceTree = "<group>"; };
		C25636A81918E22800FB8C9B /* empty.png */ = {isa = PBXFileReference; lastKnownFileType = image.png; path = empty.png; sourceTree = "<group>"; };
		C25EF6D41907A25700A589C6 /* besik.app */ = {isa = PBXFileReference; explicitFileType = wrapper.application; includeInIndex = 0; path = besik.app; sourceTree = BUILT_PRODUCTS_DIR; };
		C25EF6D71907A25700A589C6 /* Foundation.framework */ = {isa = PBXFileReference; lastKnownFileType = wrapper.framework; name = Foundation.framework; path = System/Library/Frameworks/Foundation.framework; sourceTree = SDKROOT; };
		C25EF6D91907A25700A589C6 /* CoreGraphics.framework */ = {isa = PBXFileReference; lastKnownFileType = wrapper.framework; name = CoreGraphics.framework; path = System/Library/Frameworks/CoreGraphics.framework; sourceTree = SDKROOT; };
		C25EF6DB1907A25700A589C6 /* UIKit.framework */ = {isa = PBXFileReference; lastKnownFileType = wrapper.framework; name = UIKit.framework; path = System/Library/Frameworks/UIKit.framework; sourceTree = SDKROOT; };
		C25EF6DF1907A25700A589C6 /* besik-Info.plist */ = {isa = PBXFileReference; lastKnownFileType = text.plist.xml; path = "besik-Info.plist"; sourceTree = "<group>"; };
		C25EF6E11907A25700A589C6 /* en */ = {isa = PBXFileReference; lastKnownFileType = text.plist.strings; name = en; path = en.lproj/InfoPlist.strings; sourceTree = "<group>"; };
		C25EF6E31907A25700A589C6 /* main.m */ = {isa = PBXFileReference; lastKnownFileType = sourcecode.c.objc; path = main.m; sourceTree = "<group>"; };
		C25EF6E51907A25700A589C6 /* besik-Prefix.pch */ = {isa = PBXFileReference; lastKnownFileType = sourcecode.c.h; path = "besik-Prefix.pch"; sourceTree = "<group>"; };
		C25EF6E61907A25700A589C6 /* AppDelegate.h */ = {isa = PBXFileReference; lastKnownFileType = sourcecode.c.h; path = AppDelegate.h; sourceTree = "<group>"; };
		C25EF6E71907A25700A589C6 /* AppDelegate.m */ = {isa = PBXFileReference; lastKnownFileType = sourcecode.c.objc; path = AppDelegate.m; sourceTree = "<group>"; };
		C25EF6EA1907A25700A589C6 /* Base */ = {isa = PBXFileReference; lastKnownFileType = file.storyboard; name = Base; path = Base.lproj/Main.storyboard; sourceTree = "<group>"; };
		C25EF6F21907A25700A589C6 /* Images.xcassets */ = {isa = PBXFileReference; lastKnownFileType = folder.assetcatalog; path = Images.xcassets; sourceTree = "<group>"; };
		C25EF6F81907A25700A589C6 /* besikTests.xctest */ = {isa = PBXFileReference; explicitFileType = wrapper.cfbundle; includeInIndex = 0; path = besikTests.xctest; sourceTree = BUILT_PRODUCTS_DIR; };
		C25EF6F91907A25700A589C6 /* XCTest.framework */ = {isa = PBXFileReference; lastKnownFileType = wrapper.framework; name = XCTest.framework; path = Library/Frameworks/XCTest.framework; sourceTree = DEVELOPER_DIR; };
		C25EF7011907A25700A589C6 /* besikTests-Info.plist */ = {isa = PBXFileReference; lastKnownFileType = text.plist.xml; path = "besikTests-Info.plist"; sourceTree = "<group>"; };
		C25EF7031907A25700A589C6 /* en */ = {isa = PBXFileReference; lastKnownFileType = text.plist.strings; name = en; path = en.lproj/InfoPlist.strings; sourceTree = "<group>"; };
		C25EF7051907A25700A589C6 /* besikTests.m */ = {isa = PBXFileReference; lastKnownFileType = sourcecode.c.objc; path = besikTests.m; sourceTree = "<group>"; };
		C2AA0509190E275100181872 /* stat */ = {isa = PBXFileReference; lastKnownFileType = file; path = stat; sourceTree = "<group>"; };
		C2AA050A190E275100181872 /* controltab.png */ = {isa = PBXFileReference; lastKnownFileType = image.png; path = controltab.png; sourceTree = "<group>"; };
		C2AA050B190E275100181872 /* about */ = {isa = PBXFileReference; lastKnownFileType = file; path = about; sourceTree = "<group>"; };
		C2AA050F190E29DD00181872 /* icon */ = {isa = PBXFileReference; lastKnownFileType = file; path = icon; sourceTree = "<group>"; };
		C2AA0510190E2A3300181872 /* icon */ = {isa = PBXFileReference; lastKnownFileType = file; path = icon; sourceTree = "<group>"; };
/* End PBXFileReference section */

/* Begin PBXFrameworksBuildPhase section */
		C25EF6D11907A25700A589C6 /* Frameworks */ = {
			isa = PBXFrameworksBuildPhase;
			buildActionMask = 2147483647;
			files = (
				C25EF6DA1907A25700A589C6 /* CoreGraphics.framework in Frameworks */,
				C25EF6DC1907A25700A589C6 /* UIKit.framework in Frameworks */,
				C25EF6D81907A25700A589C6 /* Foundation.framework in Frameworks */,
			);
			runOnlyForDeploymentPostprocessing = 0;
		};
		C25EF6F51907A25700A589C6 /* Frameworks */ = {
			isa = PBXFrameworksBuildPhase;
			buildActionMask = 2147483647;
			files = (
				C25EF6FA1907A25700A589C6 /* XCTest.framework in Frameworks */,
				C25EF6FC1907A25700A589C6 /* UIKit.framework in Frameworks */,
				C25EF6FB1907A25700A589C6 /* Foundation.framework in Frameworks */,
			);
			runOnlyForDeploymentPostprocessing = 0;
		};
/* End PBXFrameworksBuildPhase section */

/* Begin PBXGroup section */
		C25EF6CB1907A25700A589C6 = {
			isa = PBXGroup;
			children = (
				C2AA0510190E2A3300181872 /* icon */,
				C2AA0509190E275100181872 /* stat */,
				C2AA050A190E275100181872 /* controltab.png */,
				C25636A81918E22800FB8C9B /* empty.png */,
				C2AA050F190E29DD00181872 /* icon */,
				C2AA050B190E275100181872 /* about */,
				C208A7C1190E18D8006158C0 /* auto.png */,
				C208A7D3190E1D91006158C0 /* cloud.png */,
				C208A7D4190E1D91006158C0 /* wire.png */,
				C208A7C2190E18D8006158C0 /* cradle.png */,
				C208A7D7190E1E7C006158C0 /* web.png */,
				C208A7D8190E1E7C006158C0 /* face.png */,
				C208A7D9190E1E7C006158C0 /* twit.png */,
				C208A7C3190E18D8006158C0 /* cry.png */,
				C208A7CF190E1ACF006158C0 /* border.png */,
				C208A7C4190E18D8006158C0 /* music.png */,
				C208A7D1190E1BC4006158C0 /* besik.jpg */,
				C208A7C5190E18D8006158C0 /* sleep */,
				C208A7C6190E18D8006158C0 /* smile.png */,
				C208A7C7190E18D8006158C0 /* urine.png */,
				C25EF6DD1907A25700A589C6 /* besik */,
				C25EF6FF1907A25700A589C6 /* besikTests */,
				C25EF6D61907A25700A589C6 /* Frameworks */,
				C25EF6D51907A25700A589C6 /* Products */,
			);
			sourceTree = "<group>";
		};
		C25EF6D51907A25700A589C6 /* Products */ = {
			isa = PBXGroup;
			children = (
				C25EF6D41907A25700A589C6 /* besik.app */,
				C25EF6F81907A25700A589C6 /* besikTests.xctest */,
			);
			name = Products;
			sourceTree = "<group>";
		};
		C25EF6D61907A25700A589C6 /* Frameworks */ = {
			isa = PBXGroup;
			children = (
				C25EF6D71907A25700A589C6 /* Foundation.framework */,
				C25EF6D91907A25700A589C6 /* CoreGraphics.framework */,
				C25EF6DB1907A25700A589C6 /* UIKit.framework */,
				C25EF6F91907A25700A589C6 /* XCTest.framework */,
			);
			name = Frameworks;
			sourceTree = "<group>";
		};
		C25EF6DD1907A25700A589C6 /* besik */ = {
			isa = PBXGroup;
			children = (
				C208A7B8190E0FBB006158C0 /* controlPageViewController.h */,
				C208A7B9190E0FBB006158C0 /* controlPageViewController.m */,
				C208A7BE190E0FE7006158C0 /* aboutPageViewController.h */,
				C208A7BF190E0FE7006158C0 /* aboutPageViewController.m */,
				C25EF6E61907A25700A589C6 /* AppDelegate.h */,
				C25EF6E71907A25700A589C6 /* AppDelegate.m */,
				C25EF6E91907A25700A589C6 /* Main.storyboard */,
				C25EF6F21907A25700A589C6 /* Images.xcassets */,
				C25EF6DE1907A25700A589C6 /* Supporting Files */,
			);
			path = besik;
			sourceTree = "<group>";
		};
		C25EF6DE1907A25700A589C6 /* Supporting Files */ = {
			isa = PBXGroup;
			children = (
				C25EF6DF1907A25700A589C6 /* besik-Info.plist */,
				C25EF6E01907A25700A589C6 /* InfoPlist.strings */,
				C25EF6E31907A25700A589C6 /* main.m */,
				C25EF6E51907A25700A589C6 /* besik-Prefix.pch */,
			);
			name = "Supporting Files";
			sourceTree = "<group>";
		};
		C25EF6FF1907A25700A589C6 /* besikTests */ = {
			isa = PBXGroup;
			children = (
				C25EF7051907A25700A589C6 /* besikTests.m */,
				C25EF7001907A25700A589C6 /* Supporting Files */,
			);
			path = besikTests;
			sourceTree = "<group>";
		};
		C25EF7001907A25700A589C6 /* Supporting Files */ = {
			isa = PBXGroup;
			children = (
				C25EF7011907A25700A589C6 /* besikTests-Info.plist */,
				C25EF7021907A25700A589C6 /* InfoPlist.strings */,
			);
			name = "Supporting Files";
			sourceTree = "<group>";
		};
/* End PBXGroup section */

/* Begin PBXNativeTarget section */
		C25EF6D31907A25700A589C6 /* besik */ = {
			isa = PBXNativeTarget;
			buildConfigurationList = C25EF7091907A25700A589C6 /* Build configuration list for PBXNativeTarget "besik" */;
			buildPhases = (
				C25EF6D01907A25700A589C6 /* Sources */,
				C25EF6D11907A25700A589C6 /* Frameworks */,
				C25EF6D21907A25700A589C6 /* Resources */,
			);
			buildRules = (
			);
			dependencies = (
			);
			name = besik;
			productName = besik;
			productReference = C25EF6D41907A25700A589C6 /* besik.app */;
			productType = "com.apple.product-type.application";
		};
		C25EF6F71907A25700A589C6 /* besikTests */ = {
			isa = PBXNativeTarget;
			buildConfigurationList = C25EF70C1907A25700A589C6 /* Build configuration list for PBXNativeTarget "besikTests" */;
			buildPhases = (
				C25EF6F41907A25700A589C6 /* Sources */,
				C25EF6F51907A25700A589C6 /* Frameworks */,
				C25EF6F61907A25700A589C6 /* Resources */,
			);
			buildRules = (
			);
			dependencies = (
				C25EF6FE1907A25700A589C6 /* PBXTargetDependency */,
			);
			name = besikTests;
			productName = besikTests;
			productReference = C25EF6F81907A25700A589C6 /* besikTests.xctest */;
			productType = "com.apple.product-type.bundle.unit-test";
		};
/* End PBXNativeTarget section */

/* Begin PBXProject section */
		C25EF6CC1907A25700A589C6 /* Project object */ = {
			isa = PBXProject;
			attributes = {
				LastUpgradeCheck = 0500;
				ORGANIZATIONNAME = "Assylbek Murzakhmetov";
				TargetAttributes = {
					C25EF6F71907A25700A589C6 = {
						TestTargetID = C25EF6D31907A25700A589C6;
					};
				};
			};
			buildConfigurationList = C25EF6CF1907A25700A589C6 /* Build configuration list for PBXProject "besik" */;
			compatibilityVersion = "Xcode 3.2";
			developmentRegion = English;
			hasScannedForEncodings = 0;
			knownRegions = (
				en,
				Base,
			);
			mainGroup = C25EF6CB1907A25700A589C6;
			productRefGroup = C25EF6D51907A25700A589C6 /* Products */;
			projectDirPath = "";
			projectRoot = "";
			targets = (
				C25EF6D31907A25700A589C6 /* besik */,
				C25EF6F71907A25700A589C6 /* besikTests */,
			);
		};
/* End PBXProject section */

/* Begin PBXResourcesBuildPhase section */
		C25EF6D21907A25700A589C6 /* Resources */ = {
			isa = PBXResourcesBuildPhase;
			buildActionMask = 2147483647;
			files = (
				C2AA050E190E275100181872 /* about in Resources */,
				C208A7DA190E1E7C006158C0 /* web.png in Resources */,
				C208A7D5190E1D91006158C0 /* cloud.png in Resources */,
				C208A7DB190E1E7C006158C0 /* face.png in Resources */,
				C208A7D0190E1ACF006158C0 /* border.png in Resources */,
				C208A7CA190E18D8006158C0 /* cry.png in Resources */,
				C208A7CE190E18D8006158C0 /* urine.png in Resources */,
				C208A7CD190E18D8006158C0 /* smile.png in Resources */,
				C208A7CB190E18D8006158C0 /* music.png in Resources */,
				C208A7DC190E1E7C006158C0 /* twit.png in Resources */,
				C208A7C8190E18D8006158C0 /* auto.png in Resources */,
				C25636A91918E22800FB8C9B /* empty.png in Resources */,
				C208A7D2190E1BC4006158C0 /* besik.jpg in Resources */,
				C208A7C9190E18D8006158C0 /* cradle.png in Resources */,
				C2AA050D190E275100181872 /* controltab.png in Resources */,
				C25EF6F31907A25700A589C6 /* Images.xcassets in Resources */,
				C25EF6E21907A25700A589C6 /* InfoPlist.strings in Resources */,
				C208A7CC190E18D8006158C0 /* sleep in Resources */,
				C208A7D6190E1D91006158C0 /* wire.png in Resources */,
				C2AA050C190E275100181872 /* stat in Resources */,
				C25EF6EB1907A25700A589C6 /* Main.storyboard in Resources */,
			);
			runOnlyForDeploymentPostprocessing = 0;
		};
		C25EF6F61907A25700A589C6 /* Resources */ = {
			isa = PBXResourcesBuildPhase;
			buildActionMask = 2147483647;
			files = (
				C25EF7041907A25700A589C6 /* InfoPlist.strings in Resources */,
			);
			runOnlyForDeploymentPostprocessing = 0;
		};
/* End PBXResourcesBuildPhase section */

/* Begin PBXSourcesBuildPhase section */
		C25EF6D01907A25700A589C6 /* Sources */ = {
			isa = PBXSourcesBuildPhase;
			buildActionMask = 2147483647;
			files = (
				C25EF6E81907A25700A589C6 /* AppDelegate.m in Sources */,
				C208A7BA190E0FBB006158C0 /* controlPageViewController.m in Sources */,
				C208A7C0190E0FE7006158C0 /* aboutPageViewController.m in Sources */,
				C25EF6E41907A25700A589C6 /* main.m in Sources */,
			);
			runOnlyForDeploymentPostprocessing = 0;
		};
		C25EF6F41907A25700A589C6 /* Sources */ = {
			isa = PBXSourcesBuildPhase;
			buildActionMask = 2147483647;
			files = (
				C25EF7061907A25700A589C6 /* besikTests.m in Sources */,
			);
			runOnlyForDeploymentPostprocessing = 0;
		};
/* End PBXSourcesBuildPhase section */

/* Begin PBXTargetDependency section */
		C25EF6FE1907A25700A589C6 /* PBXTargetDependency */ = {
			isa = PBXTargetDependency;
			target = C25EF6D31907A25700A589C6 /* besik */;
			targetProxy = C25EF6FD1907A25700A589C6 /* PBXContainerItemProxy */;
		};
/* End PBXTargetDependency section */

/* Begin PBXVariantGroup section */
		C25EF6E01907A25700A589C6 /* InfoPlist.strings */ = {
			isa = PBXVariantGroup;
			children = (
				C25EF6E11907A25700A589C6 /* en */,
			);
			name = InfoPlist.strings;
			sourceTree = "<group>";
		};
		C25EF6E91907A25700A589C6 /* Main.storyboard */ = {
			isa = PBXVariantGroup;
			children = (
				C25EF6EA1907A25700A589C6 /* Base */,
			);
			name = Main.storyboard;
			sourceTree = "<group>";
		};
		C25EF7021907A25700A589C6 /* InfoPlist.strings */ = {
			isa = PBXVariantGroup;
			children = (
				C25EF7031907A25700A589C6 /* en */,
			);
			name = InfoPlist.strings;
			sourceTree = "<group>";
		};
/* End PBXVariantGroup section */

/* Begin XCBuildConfiguration section */
		C25EF7071907A25700A589C6 /* Debug */ = {
			isa = XCBuildConfiguration;
			buildSettings = {
				ALWAYS_SEARCH_USER_PATHS = NO;
				ARCHS = "$(ARCHS_STANDARD_INCLUDING_64_BIT)";
				CLANG_CXX_LANGUAGE_STANDARD = "gnu++0x";
				CLANG_CXX_LIBRARY = "libc++";
				CLANG_ENABLE_MODULES = YES;
				CLANG_ENABLE_OBJC_ARC = YES;
				CLANG_WARN_BOOL_CONVERSION = YES;
				CLANG_WARN_CONSTANT_CONVERSION = YES;
				CLANG_WARN_DIRECT_OBJC_ISA_USAGE = YES_ERROR;
				CLANG_WARN_EMPTY_BODY = YES;
				CLANG_WARN_ENUM_CONVERSION = YES;
				CLANG_WARN_INT_CONVERSION = YES;
				CLANG_WARN_OBJC_ROOT_CLASS = YES_ERROR;
				CLANG_WARN__DUPLICATE_METHOD_MATCH = YES;
				"CODE_SIGN_IDENTITY[sdk=iphoneos*]" = "iPhone Developer";
				COPY_PHASE_STRIP = NO;
				GCC_C_LANGUAGE_STANDARD = gnu99;
				GCC_DYNAMIC_NO_PIC = NO;
				GCC_OPTIMIZATION_LEVEL = 0;
				GCC_PREPROCESSOR_DEFINITIONS = (
					"DEBUG=1",
					"$(inherited)",
				);
				GCC_SYMBOLS_PRIVATE_EXTERN = NO;
				GCC_WARN_64_TO_32_BIT_CONVERSION = YES;
				GCC_WARN_ABOUT_RETURN_TYPE = YES_ERROR;
				GCC_WARN_UNDECLARED_SELECTOR = YES;
				GCC_WARN_UNINITIALIZED_AUTOS = YES;
				GCC_WARN_UNUSED_FUNCTION = YES;
				GCC_WARN_UNUSED_VARIABLE = YES;
				IPHONEOS_DEPLOYMENT_TARGET = 7.0;
				ONLY_ACTIVE_ARCH = YES;
				SDKROOT = iphoneos;
			};
			name = Debug;
		};
		C25EF7081907A25700A589C6 /* Release */ = {
			isa = XCBuildConfiguration;
			buildSettings = {
				ALWAYS_SEARCH_USER_PATHS = NO;
				ARCHS = "$(ARCHS_STANDARD_INCLUDING_64_BIT)";
				CLANG_CXX_LANGUAGE_STANDARD = "gnu++0x";
				CLANG_CXX_LIBRARY = "libc++";
				CLANG_ENABLE_MODULES = YES;
				CLANG_ENABLE_OBJC_ARC = YES;
				CLANG_WARN_BOOL_CONVERSION = YES;
				CLANG_WARN_CONSTANT_CONVERSION = YES;
				CLANG_WARN_DIRECT_OBJC_ISA_USAGE = YES_ERROR;
				CLANG_WARN_EMPTY_BODY = YES;
				CLANG_WARN_ENUM_CONVERSION = YES;
				CLANG_WARN_INT_CONVERSION = YES;
				CLANG_WARN_OBJC_ROOT_CLASS = YES_ERROR;
				CLANG_WARN__DUPLICATE_METHOD_MATCH = YES;
				"CODE_SIGN_IDENTITY[sdk=iphoneos*]" = "iPhone Developer";
				COPY_PHASE_STRIP = YES;
				ENABLE_NS_ASSERTIONS = NO;
				GCC_C_LANGUAGE_STANDARD = gnu99;
				GCC_WARN_64_TO_32_BIT_CONVERSION = YES;
				GCC_WARN_ABOUT_RETURN_TYPE = YES_ERROR;
				GCC_WARN_UNDECLARED_SELECTOR = YES;
				GCC_WARN_UNINITIALIZED_AUTOS = YES;
				GCC_WARN_UNUSED_FUNCTION = YES;
				GCC_WARN_UNUSED_VARIABLE = YES;
				IPHONEOS_DEPLOYMENT_TARGET = 7.0;
				SDKROOT = iphoneos;
				VALIDATE_PRODUCT = YES;
			};
			name = Release;
		};
		C25EF70A1907A25700A589C6 /* Debug */ = {
			isa = XCBuildConfiguration;
			buildSettings = {
				ASSETCATALOG_COMPILER_LAUNCHIMAGE_NAME = LaunchImage;
				GCC_PRECOMPILE_PREFIX_HEADER = YES;
				GCC_PREFIX_HEADER = "besik/besik-Prefix.pch";
				INFOPLIST_FILE = "besik/besik-Info.plist";
				PRODUCT_NAME = "$(TARGET_NAME)";
				WRAPPER_EXTENSION = app;
			};
			name = Debug;
		};
		C25EF70B1907A25700A589C6 /* Release */ = {
			isa = XCBuildConfiguration;
			buildSettings = {
				ASSETCATALOG_COMPILER_LAUNCHIMAGE_NAME = LaunchImage;
				GCC_PRECOMPILE_PREFIX_HEADER = YES;
				GCC_PREFIX_HEADER = "besik/besik-Prefix.pch";
				INFOPLIST_FILE = "besik/besik-Info.plist";
				PRODUCT_NAME = "$(TARGET_NAME)";
				WRAPPER_EXTENSION = app;
			};
			name = Release;
		};
		C25EF70D1907A25700A589C6 /* Debug */ = {
			isa = XCBuildConfiguration;
			buildSettings = {
				ARCHS = "$(ARCHS_STANDARD_INCLUDING_64_BIT)";
				BUNDLE_LOADER = "$(BUILT_PRODUCTS_DIR)/besik.app/besik";
				FRAMEWORK_SEARCH_PATHS = (
					"$(SDKROOT)/Developer/Library/Frameworks",
					"$(inherited)",
					"$(DEVELOPER_FRAMEWORKS_DIR)",
				);
				GCC_PRECOMPILE_PREFIX_HEADER = YES;
				GCC_PREFIX_HEADER = "besik/besik-Prefix.pch";
				GCC_PREPROCESSOR_DEFINITIONS = (
					"DEBUG=1",
					"$(inherited)",
				);
				INFOPLIST_FILE = "besikTests/besikTests-Info.plist";
				PRODUCT_NAME = "$(TARGET_NAME)";
				TEST_HOST = "$(BUNDLE_LOADER)";
				WRAPPER_EXTENSION = xctest;
			};
			name = Debug;
		};
		C25EF70E1907A25700A589C6 /* Release */ = {
			isa = XCBuildConfiguration;
			buildSettings = {
				ARCHS = "$(ARCHS_STANDARD_INCLUDING_64_BIT)";
				BUNDLE_LOADER = "$(BUILT_PRODUCTS_DIR)/besik.app/besik";
				FRAMEWORK_SEARCH_PATHS = (
					"$(SDKROOT)/Developer/Library/Frameworks",
					"$(inherited)",
					"$(DEVELOPER_FRAMEWORKS_DIR)",
				);
				GCC_PRECOMPILE_PREFIX_HEADER = YES;
				GCC_PREFIX_HEADER = "besik/besik-Prefix.pch";
				INFOPLIST_FILE = "besikTests/besikTests-Info.plist";
				PRODUCT_NAME = "$(TARGET_NAME)";
				TEST_HOST = "$(BUNDLE_LOADER)";
				WRAPPER_EXTENSION = xctest;
			};
			name = Release;
		};
/* End XCBuildConfiguration section */

/* Begin XCConfigurationList section */
		C25EF6CF1907A25700A589C6 /* Build configuration list for PBXProject "besik" */ = {
			isa = XCConfigurationList;
			buildConfigurations = (
				C25EF7071907A25700A589C6 /* Debug */,
				C25EF7081907A25700A589C6 /* Release */,
			);
			defaultConfigurationIsVisible = 0;
			defaultConfigurationName = Release;
		};
		C25EF7091907A25700A589C6 /* Build configuration list for PBXNativeTarget "besik" */ = {
			isa = XCConfigurationList;
			buildConfigurations = (
				C25EF70A1907A25700A589C6 /* Debug */,
				C25EF70B1907A25700A589C6 /* Release */,
			);
			defaultConfigurationIsVisible = 0;
			defaultConfigurationName = Release;
		};
		C25EF70C1907A25700A589C6 /* Build configuration list for PBXNativeTarget "besikTests" */ = {
			isa = XCConfigurationList;
			buildConfigurations = (
				C25EF70D1907A25700A589C6 /* Debug */,
				C25EF70E1907A25700A589C6 /* Release */,
			);
			defaultConfigurationIsVisible = 0;
			defaultConfigurationName = Release;
		};
/* End XCConfigurationList section */
	};
	rootObject = C25EF6CC1907A25700A589C6 /* Project object */;
}
